{
  "name": "react_tallybook",
  "version": "0.0.0",
  "lockfileVersion": 1,
  "requires": true,
  "dependencies": {
    "@babel/runtime": {
      "version": "7.15.3",
      "resolved": "https://registry.npmjs.org/@babel/runtime/-/runtime-7.15.3.tgz",
      "integrity": "sha512-OvwMLqNXkCXSz1kSm58sEsNuhqOx/fKpnUnKnFB5v8uDda5bLNEHNgKPvhDN6IU0LDcnHQ90LlJ0Q6jnyBSIBA==",
      "requires": {
        "regenerator-runtime": "^0.13.4"
      }
    },
    "@better-scroll/core": {
      "version": "2.4.2",
      "resolved": "https://registry.npmjs.org/@better-scroll/core/-/core-2.4.2.tgz",
      "integrity": "sha512-IqVZLnh04YpaEAy9wJDxtFK/stxVQjB9A9Wcr3Uwkj7Av1TtFpin+t/TObl53diNDG5ZJ+vck/OAthphpuugLA==",
      "requires": {
        "@better-scroll/shared-utils": "^2.4.2"
      }
    },
    "@better-scroll/indicators": {
      "version": "2.4.2",
      "resolved": "https://registry.npmjs.org/@better-scroll/indicators/-/indicators-2.4.2.tgz",
      "integrity": "sha512-dScI0HIt06L1thLO+1W7w1enqRtegWF1izKYhswiyTXLgagLh2QbAi+oexNiPSOGBuNz8w1mO7hZvVJez/ZFkw==",
      "requires": {
        "@better-scroll/core": "^2.4.2"
      }
    },
    "@better-scroll/infinity": {
      "version": "2.4.2",
      "resolved": "https://registry.npmjs.org/@better-scroll/infinity/-/infinity-2.4.2.tgz",
      "integrity": "sha512-KGpCWLTyMzcGBT59c3N/JaVauLmi0jG2YZApdnqON+Oz4AJiHnzGkzWc4EJxcxR3Vy+m5Jp91y6xrpsvRmOdIg==",
      "requires": {
        "@better-scroll/core": "^2.4.2"
      }
    },
    "@better-scroll/mouse-wheel": {
      "version": "2.4.2",
      "resolved": "https://registry.npmjs.org/@better-scroll/mouse-wheel/-/mouse-wheel-2.4.2.tgz",
      "integrity": "sha512-dLc8vlYkSYN9AQEo4NDPQloPhscCV17TY98JUBcio4I2STDlYYIQqofqm1GQPfByfK9f057DnrcgZ/bPVx7PTA==",
      "requires": {
        "@better-scroll/core": "^2.4.2"
      }
    },
    "@better-scroll/movable": {
      "version": "2.4.2",
      "resolved": "https://registry.npmjs.org/@better-scroll/movable/-/movable-2.4.2.tgz",
      "integrity": "sha512-y4FbKx9FTUfAfM6wW+PCKA3CONc4nfjaE4N1ImGsIorzkSWV2eGO+LTD6FVv5+gVINI/o9Xj/gHmEJUaupUeSg==",
      "requires": {
        "@better-scroll/core": "^2.4.2"
      }
    },
    "@better-scroll/nested-scroll": {
      "version": "2.4.2",
      "resolved": "https://registry.npmjs.org/@better-scroll/nested-scroll/-/nested-scroll-2.4.2.tgz",
      "integrity": "sha512-JnC2sqtDqVkj9F5J39u52b6qDsMqXbnURG67dHf97tYoYP2dluwjkvhhxjSFrghREoQzT/KWcDbkfcGy47lQwQ==",
      "requires": {
        "@better-scroll/core": "^2.4.2"
      }
    },
    "@better-scroll/observe-dom": {
      "version": "2.4.2",
      "resolved": "https://registry.npmjs.org/@better-scroll/observe-dom/-/observe-dom-2.4.2.tgz",
      "integrity": "sha512-eeS77CZs+V72dkya10e5ptndBAbhQVcXoYGvfoIihOJgCPqO5MdYTpzRmlbshYCEE5juUMLe82Kx8FSbOejpAw==",
      "requires": {
        "@better-scroll/core": "^2.4.2"
      }
    },
    "@better-scroll/observe-image": {
      "version": "2.4.2",
      "resolved": "https://registry.npmjs.org/@better-scroll/observe-image/-/observe-image-2.4.2.tgz",
      "integrity": "sha512-ToYVf5vn0cio5B9uaL5NyvFX3JNU6L0Po20Lw7uxa0+FE+kMvSAMJN+9POg6G+cfIqI8GVHhyyR+4Ev8v2Nl5Q==",
      "requires": {
        "@better-scroll/core": "^2.4.2"
      }
    },
    "@better-scroll/pull-down": {
      "version": "2.4.2",
      "resolved": "https://registry.npmjs.org/@better-scroll/pull-down/-/pull-down-2.4.2.tgz",
      "integrity": "sha512-bqMLk33o4oesTXIIOteBKHQgfVKjIVvity39TM/MfzkbY1WDBxD+HFS7ySgoqw7Kl2Wiv/U76Wfqzmm6yDdg7Q==",
      "requires": {
        "@better-scroll/core": "^2.4.2"
      }
    },
    "@better-scroll/pull-up": {
      "version": "2.4.2",
      "resolved": "https://registry.npmjs.org/@better-scroll/pull-up/-/pull-up-2.4.2.tgz",
      "integrity": "sha512-07Cke3oa96lN9/inxJZ0ixh0nBbbqxOi2IKcBGtD6dP+susiMcdhgd/c7zNRjXkwlw0vzTNfXTgExIOEWzLHYg==",
      "requires": {
        "@better-scroll/core": "^2.4.2"
      }
    },
    "@better-scroll/scroll-bar": {
      "version": "2.4.2",
      "resolved": "https://registry.npmjs.org/@better-scroll/scroll-bar/-/scroll-bar-2.4.2.tgz",
      "integrity": "sha512-zZd0+sWfzTCXJeuA001o5bea7AvLYz7BCE7dolxFbPTIPnV5V5UEH8LLdXQ/HIwgxI0Pj9PoY9njSuhooh6lfg==",
      "requires": {
        "@better-scroll/core": "^2.4.2"
      }
    },
    "@better-scroll/shared-utils": {
      "version": "2.4.2",
      "resolved": "https://registry.npmjs.org/@better-scroll/shared-utils/-/shared-utils-2.4.2.tgz",
      "integrity": "sha512-Gy/Jfbpu+hq0u+PcjkTqyXGqAf+0dexTzEZ5IDXEVwJVLmd3cx8A73oTcAZ8QZgk4wSHvlMjXecSaptkhnNPEw=="
    },
    "@better-scroll/slide": {
      "version": "2.4.2",
      "resolved": "https://registry.npmjs.org/@better-scroll/slide/-/slide-2.4.2.tgz",
      "integrity": "sha512-VfdFHm/meo4nEyfx0JLn8rUHfQdQCnoBHs/BsV+vmjVivKg+cVgfS+QaytrIulWKqNAWNlfXbAaNtZMv8gNKZg==",
      "requires": {
        "@better-scroll/core": "^2.4.2"
      }
    },
    "@better-scroll/wheel": {
      "version": "2.4.2",
      "resolved": "https://registry.npmjs.org/@better-scroll/wheel/-/wheel-2.4.2.tgz",
      "integrity": "sha512-oJw68glWbrYBbRK8RJnKo3Fw9bU7Cd4zDbBHbKZ062/YJAJUZW9wF/3Lout4PnolkjuJIp2TZiEgJNtuRd+Njg==",
      "requires": {
        "@better-scroll/core": "^2.4.2"
      }
    },
    "@better-scroll/zoom": {
      "version": "2.4.2",
      "resolved": "https://registry.npmjs.org/@better-scroll/zoom/-/zoom-2.4.2.tgz",
      "integrity": "sha512-rN/BTE3lf2sNNvKowGL/tUKZ/BgdZcZa0pjE/rVW0tBL/7x68cBowWQD5HF2Z2Bge8OPXRjkwN/xN1aFYhEtWA==",
      "requires": {
        "@better-scroll/core": "^2.4.2"
      }
    },
    "@zarm-design/icons": {
      "version": "0.1.1",
      "resolved": "https://registry.npmjs.org/@zarm-design/icons/-/icons-0.1.1.tgz",
      "integrity": "sha512-lFzowLzBp2EfrL6ElJdMxzNxG+LTiXukSZGaAhdwe7hhcHyG3X8KgN73AGIdo+wIUh9+ai/urAja08GT5vQeSA==",
      "requires": {
        "classnames": "^2.3.1"
      },
      "dependencies": {
        "classnames": {
          "version": "2.3.1",
          "resolved": "https://registry.npmjs.org/classnames/-/classnames-2.3.1.tgz",
          "integrity": "sha512-OlQdbZ7gLfGarSqxesMesDa5uz7KFbID8Kpq/SxIoNGDqY8lSYs0D+hhtBXhcdB3rcbXArFr7vlHheLk1voeNA=="
        }
      }
    },
    "better-scroll": {
      "version": "2.3.1",
      "resolved": "https://registry.npmjs.org/better-scroll/-/better-scroll-2.3.1.tgz",
      "integrity": "sha512-/J6HI8pWbrj3GzhJsXIlczogTuhlJIFVzhWWXXpDrm0Rbm1xHl1eVNHMaIESlXU2xNp57nTgInRqPPcdSm0xag==",
      "requires": {
        "@better-scroll/core": "^2.3.1",
        "@better-scroll/indicators": "^2.3.1",
        "@better-scroll/infinity": "^2.3.1",
        "@better-scroll/mouse-wheel": "^2.3.1",
        "@better-scroll/movable": "^2.3.1",
        "@better-scroll/nested-scroll": "^2.3.1",
        "@better-scroll/observe-dom": "^2.3.1",
        "@better-scroll/observe-image": "^2.3.1",
        "@better-scroll/pull-down": "^2.3.1",
        "@better-scroll/pull-up": "^2.3.1",
        "@better-scroll/scroll-bar": "^2.3.1",
        "@better-scroll/slide": "^2.3.1",
        "@better-scroll/wheel": "^2.3.1",
        "@better-scroll/zoom": "^2.3.1"
      }
    },
    "classnames": {
      "version": "2.2.6",
      "resolved": "https://registry.npmjs.org/classnames/-/classnames-2.2.6.tgz",
      "integrity": "sha512-JR/iSQOSt+LQIWwrwEzJ9uk0xfN3mTVYMwt1Ir5mUcSN6pU+V4zQFFaJsclJbPuAUQH+yfWef6tm7l1quW3C8Q=="
    },
    "color": {
      "version": "3.2.1",
      "resolved": "https://registry.npmjs.org/color/-/color-3.2.1.tgz",
      "integrity": "sha512-aBl7dZI9ENN6fUGC7mWpMTPNHmWUSNan9tuWN6ahh5ZLNk9baLJOnSMlrQkHcrfFgz2/RigjUVAjdx36VcemKA==",
      "requires": {
        "color-convert": "^1.9.3",
        "color-string": "^1.6.0"
      }
    },
    "color-convert": {
      "version": "1.9.3",
      "resolved": "https://registry.npmjs.org/color-convert/-/color-convert-1.9.3.tgz",
      "integrity": "sha512-QfAUtd+vFdAtFQcC8CCyYt1fYWxSqAiK2cSD6zDB8N3cpsEBAvRxp9zOGg6G/SHHJYAT88/az/IuDGALsNVbGg==",
      "requires": {
        "color-name": "1.1.3"
      }
    },
    "color-name": {
      "version": "1.1.3",
      "resolved": "https://registry.npmjs.org/color-name/-/color-name-1.1.3.tgz",
      "integrity": "sha1-p9BVi9icQveV3UIyj3QIMcpTvCU="
    },
    "color-string": {
      "version": "1.6.0",
      "resolved": "https://registry.npmjs.org/color-string/-/color-string-1.6.0.tgz",
      "integrity": "sha512-c/hGS+kRWJutUBEngKKmk4iH3sD59MBkoxVapS/0wgpCz2u7XsNloxknyvBhzwEs1IbV36D9PwqLPJ2DTu3vMA==",
      "requires": {
        "color-name": "^1.0.0",
        "simple-swizzle": "^0.2.2"
      }
    },
    "echarts": {
      "version": "5.1.2",
      "resolved": "https://registry.npmjs.org/echarts/-/echarts-5.1.2.tgz",
      "integrity": "sha512-okUhO4sw22vwZp+rTPNjd/bvTdpug4K4sHNHyrV8NdAncIX9/AarlolFqtJCAYKGFYhUBNjIWu1EznFrSWTFxg==",
      "requires": {
        "tslib": "2.0.3",
        "zrender": "5.1.1"
      }
    },
    "hoist-non-react-statics": {
      "version": "3.3.2",
      "resolved": "https://registry.npmjs.org/hoist-non-react-statics/-/hoist-non-react-statics-3.3.2.tgz",
      "integrity": "sha512-/gGivxi8JPKWNm/W0jSmzcMPpfpPLc3dY/6GxhX2hQ9iGj3aDfklV4ET7NjKpSinLpJ5vafa9iiGIEZg10SfBw==",
      "requires": {
        "react-is": "^16.7.0"
      }
    },
    "is-arrayish": {
      "version": "0.3.2",
      "resolved": "https://registry.npmjs.org/is-arrayish/-/is-arrayish-0.3.2.tgz",
      "integrity": "sha512-eVRqCvVlZbuw3GrM63ovNSNAeA1K16kaR/LRY/92w0zxQ5/1YzwblUX652i4Xs9RwAGjW9d9y6X88t8OaAJfWQ=="
    },
    "lodash": {
      "version": "4.17.21",
      "resolved": "https://registry.npmjs.org/lodash/-/lodash-4.17.21.tgz",
      "integrity": "sha512-v2kDEe57lecTulaDIuNTPy3Ry4gLGJ6Z1O3vE1krgXZNrsQ+LFTGHVxVjcXPs17LhbZVGedAJv8XZ1tvj5FvSg=="
    },
    "normalize.css": {
      "version": "8.0.1",
      "resolved": "https://registry.npmjs.org/normalize.css/-/normalize.css-8.0.1.tgz",
      "integrity": "sha512-qizSNPO93t1YUuUhP22btGOo3chcvDFqFaj2TRybP0DMxkHOCTYwp3n34fel4a31ORXy4m1Xq0Gyqpb5m33qIg=="
    },
    "performance-now": {
      "version": "2.1.0",
      "resolved": "https://registry.npmjs.org/performance-now/-/performance-now-2.1.0.tgz",
      "integrity": "sha1-Ywn04OX6kT7BxpMHrjZLSzd8nns="
    },
    "popper.js": {
      "version": "1.16.1",
      "resolved": "https://registry.npmjs.org/popper.js/-/popper.js-1.16.1.tgz",
      "integrity": "sha512-Wb4p1J4zyFTbM+u6WuO4XstYx4Ky9Cewe4DWrel7B0w6VVICvPwdOpotjzcf6eD8TsckVnIMNONQyPIUFOUbCQ=="
    },
    "raf": {
      "version": "3.4.1",
      "resolved": "https://registry.npmjs.org/raf/-/raf-3.4.1.tgz",
      "integrity": "sha512-Sq4CW4QhwOHE8ucn6J34MqtZCeWFP2aQSmrlroYgqAV1PjStIhJXxYuTgUIfkEk7zTLjmIjLmU5q+fbD1NnOJA==",
      "requires": {
        "performance-now": "^2.1.0"
      }
    },
    "react-is": {
      "version": "16.13.1",
      "resolved": "https://registry.npmjs.org/react-is/-/react-is-16.13.1.tgz",
      "integrity": "sha512-24e6ynE2H+OKt4kqsOvNd8kBpV65zoxbA4BVsEOB3ARVWQki/DHzaUoC5KuON/BiccDaCCTZBuOcfZs70kR8bQ=="
    },
    "react-native-camera-roll-picker": {
      "version": "1.2.3",
      "resolved": "https://registry.npmjs.org/react-native-camera-roll-picker/-/react-native-camera-roll-picker-1.2.3.tgz",
      "integrity": "sha1-sRf9OiuQEtzM7hJhqbxCcia41tI="
    },
    "regenerator-runtime": {
      "version": "0.13.9",
      "resolved": "https://registry.npmjs.org/regenerator-runtime/-/regenerator-runtime-0.13.9.tgz",
      "integrity": "sha512-p3VT+cOEgxFsRRA9X4lkI1E+k2/CtnKtU4gcxyaCUreilL/vqI6CdZ3wxVUx3UOUg+gnUOQQcRI7BmSI656MYA=="
    },
    "simple-swizzle": {
      "version": "0.2.2",
      "resolved": "https://registry.npmjs.org/simple-swizzle/-/simple-swizzle-0.2.2.tgz",
      "integrity": "sha1-pNprY1/8zMoz9w0Xy5JZLeleVXo=",
      "requires": {
        "is-arrayish": "^0.3.1"
      }
    },
    "tslib": {
      "version": "2.0.3",
      "resolved": "https://registry.npmjs.org/tslib/-/tslib-2.0.3.tgz",
      "integrity": "sha512-uZtkfKblCEQtZKBF6EBXVZeQNl82yqtDQdv+eck8u7tdPxjLu2/lp5/uPW+um2tpuxINHWy3GhiccY7QgEaVHQ=="
    },
    "zarm": {
      "version": "2.9.7",
      "resolved": "https://registry.npmjs.org/zarm/-/zarm-2.9.7.tgz",
      "integrity": "sha512-rYhZSVJSTBreuxSKJ9axkQ6g91K8bhoSAdcKpKghzUjLdHnFY6BcHtbPaWbqCrvCvybXwR599WofVpOqND67oQ==",
      "requires": {
        "@babel/runtime": "^7.14.0",
        "@zarm-design/icons": "^0.1.1",
        "better-scroll": "2.3.1",
        "classnames": "2.2.6",
        "color": "^3.1.3",
        "hoist-non-react-statics": "^3.3.0",
        "lodash": "^4.17.15",
        "normalize.css": "8.0.1",
        "popper.js": "^1.15.0",
        "raf": "^3.4.1",
        "react-native-camera-roll-picker": "1.2.3"
      }
    },
    "zrender": {
      "version": "5.1.1",
      "resolved": "https://registry.npmjs.org/zrender/-/zrender-5.1.1.tgz",
      "integrity": "sha512-oeWlmUZPQdS9f5hK4pV21tHPqA3wgQ7CkKkw7l0CCBgWlJ/FP+lRgLFtUBW6yam4JX8y9CdHJo1o587VVrbcoQ==",
      "requires": {
        "tslib": "2.0.3"
      }
    }
  }
}
